<?xml version="1.0" encoding="UTF-8"?>
<CodeBlocks_project_file>
	<FileVersion major="1" minor="6"/>
	<Project>
		<Option title="Kanban_board"/>
		<Option makefile_is_custom="1"/>
		<Option compiler="gcc"/>
		<Option virtualFolders="CMake Files\;"/>
		<Build>
			<Target title="all">
				<Option working_dir="/home/someone/University/labp/Kanban-board"/>
				<Option type="4"/>
				<MakeCommands>
					<Build command="/sbin/make -f &quot;/home/someone/University/labp/Kanban-board/Makefile&quot;  VERBOSE=1 all"/>
					<CompileFile command="/sbin/make -f &quot;/home/someone/University/labp/Kanban-board/Makefile&quot;  VERBOSE=1 &quot;$file&quot;"/>
					<Clean command="/sbin/make -f &quot;/home/someone/University/labp/Kanban-board/Makefile&quot;  VERBOSE=1 clean"/>
					<DistClean command="/sbin/make -f &quot;/home/someone/University/labp/Kanban-board/Makefile&quot;  VERBOSE=1 clean"/>
				</MakeCommands>
			</Target>
			<Target title="edit_cache">
				<Option working_dir="/home/someone/University/labp/Kanban-board"/>
				<Option type="4"/>
				<MakeCommands>
					<Build command="/sbin/make -f &quot;/home/someone/University/labp/Kanban-board/Makefile&quot;  VERBOSE=1 edit_cache"/>
					<CompileFile command="/sbin/make -f &quot;/home/someone/University/labp/Kanban-board/Makefile&quot;  VERBOSE=1 &quot;$file&quot;"/>
					<Clean command="/sbin/make -f &quot;/home/someone/University/labp/Kanban-board/Makefile&quot;  VERBOSE=1 clean"/>
					<DistClean command="/sbin/make -f &quot;/home/someone/University/labp/Kanban-board/Makefile&quot;  VERBOSE=1 clean"/>
				</MakeCommands>
			</Target>
			<Target title="rebuild_cache">
				<Option working_dir="/home/someone/University/labp/Kanban-board"/>
				<Option type="4"/>
				<MakeCommands>
					<Build command="/sbin/make -f &quot;/home/someone/University/labp/Kanban-board/Makefile&quot;  VERBOSE=1 rebuild_cache"/>
					<CompileFile command="/sbin/make -f &quot;/home/someone/University/labp/Kanban-board/Makefile&quot;  VERBOSE=1 &quot;$file&quot;"/>
					<Clean command="/sbin/make -f &quot;/home/someone/University/labp/Kanban-board/Makefile&quot;  VERBOSE=1 clean"/>
					<DistClean command="/sbin/make -f &quot;/home/someone/University/labp/Kanban-board/Makefile&quot;  VERBOSE=1 clean"/>
				</MakeCommands>
			</Target>
			<Target title="Kanban_board">
				<Option output="/home/someone/University/labp/Kanban-board/Kanban_board" prefix_auto="0" extension_auto="0"/>
				<Option working_dir="/home/someone/University/labp/Kanban-board"/>
				<Option object_output="./"/>
				<Option type="1"/>
				<Option compiler="gcc"/>
				<Compiler>
					<Add directory="/home/someone/University/labp/Kanban-board/."/>
				</Compiler>
				<MakeCommands>
					<Build command="/sbin/make -f &quot;/home/someone/University/labp/Kanban-board/Makefile&quot;  VERBOSE=1 Kanban_board"/>
					<CompileFile command="/sbin/make -f &quot;/home/someone/University/labp/Kanban-board/Makefile&quot;  VERBOSE=1 &quot;$file&quot;"/>
					<Clean command="/sbin/make -f &quot;/home/someone/University/labp/Kanban-board/Makefile&quot;  VERBOSE=1 clean"/>
					<DistClean command="/sbin/make -f &quot;/home/someone/University/labp/Kanban-board/Makefile&quot;  VERBOSE=1 clean"/>
				</MakeCommands>
			</Target>
			<Target title="Kanban_board/fast">
				<Option output="/home/someone/University/labp/Kanban-board/Kanban_board" prefix_auto="0" extension_auto="0"/>
				<Option working_dir="/home/someone/University/labp/Kanban-board"/>
				<Option object_output="./"/>
				<Option type="1"/>
				<Option compiler="gcc"/>
				<Compiler>
					<Add directory="/home/someone/University/labp/Kanban-board/."/>
				</Compiler>
				<MakeCommands>
					<Build command="/sbin/make -f &quot;/home/someone/University/labp/Kanban-board/Makefile&quot;  VERBOSE=1 Kanban_board/fast"/>
					<CompileFile command="/sbin/make -f &quot;/home/someone/University/labp/Kanban-board/Makefile&quot;  VERBOSE=1 &quot;$file&quot;"/>
					<Clean command="/sbin/make -f &quot;/home/someone/University/labp/Kanban-board/Makefile&quot;  VERBOSE=1 clean"/>
					<DistClean command="/sbin/make -f &quot;/home/someone/University/labp/Kanban-board/Makefile&quot;  VERBOSE=1 clean"/>
				</MakeCommands>
			</Target>
		</Build>
		<Unit filename="/home/someone/University/labp/Kanban-board/card.c">
			<Option target="Kanban_board"/>
		</Unit>
		<Unit filename="/home/someone/University/labp/Kanban-board/card.h">
			<Option target="Kanban_board"/>
		</Unit>
		<Unit filename="/home/someone/University/labp/Kanban-board/core.c">
			<Option target="Kanban_board"/>
		</Unit>
		<Unit filename="/home/someone/University/labp/Kanban-board/core.h">
			<Option target="Kanban_board"/>
		</Unit>
		<Unit filename="/home/someone/University/labp/Kanban-board/main.c">
			<Option target="Kanban_board"/>
		</Unit>
		<Unit filename="/home/someone/University/labp/Kanban-board/old_render.c">
			<Option target="Kanban_board"/>
		</Unit>
		<Unit filename="/home/someone/University/labp/Kanban-board/old_render.h">
			<Option target="Kanban_board"/>
		</Unit>
		<Unit filename="/home/someone/University/labp/Kanban-board/read.c">
			<Option target="Kanban_board"/>
		</Unit>
		<Unit filename="/home/someone/University/labp/Kanban-board/read.h">
			<Option target="Kanban_board"/>
		</Unit>
		<Unit filename="/home/someone/University/labp/Kanban-board/render.c">
			<Option target="Kanban_board"/>
		</Unit>
		<Unit filename="/home/someone/University/labp/Kanban-board/render.h">
			<Option target="Kanban_board"/>
		</Unit>
		<Unit filename="/home/someone/University/labp/Kanban-board/tasklist.c">
			<Option target="Kanban_board"/>
		</Unit>
		<Unit filename="/home/someone/University/labp/Kanban-board/tasklist.h">
			<Option target="Kanban_board"/>
		</Unit>
		<Unit filename="/home/someone/University/labp/Kanban-board/CMakeLists.txt">
			<Option virtualFolder="CMake Files\"/>
		</Unit>
	</Project>
</CodeBlocks_project_file>
